// !$*UTF8*$!
{
	archiveVersion = 1;
	classes = {
	};
	objectVersion = 56;
	objects = {

/* Begin PBXBuildFile section */
		1A1234561234567800000001 /* ShaydZAVMoApp.swift in Sources */ = {isa = PBXBuildFile; fileRef = 1A1234561234567800000002 /* ShaydZAVMoApp.swift */; };
		1A1234561234567800000003 /* ContentView.swift in Sources */ = {isa = PBXBuildFile; fileRef = 1A1234561234567800000004 /* ContentView.swift */; };
		1A1234561234567800000005 /* LoginView.swift in Sources */ = {isa = PBXBuildFile; fileRef = 1A1234561234567800000006 /* LoginView.swift */; };
		1A1234561234567800000007 /* HomeView.swift in Sources */ = {isa = PBXBuildFile; fileRef = 1A1234561234567800000008 /* HomeView.swift */; };
		1A1234561234567800000009 /* VirtualEnvironmentView.swift in Sources */ = {isa = PBXBuildFile; fileRef = 1A1234561234567800000010 /* VirtualEnvironmentView.swift */; };
		1A1234561234567800000011 /* AppLibraryView.swift in Sources */ = {isa = PBXBuildFile; fileRef = 1A1234561234567800000012 /* AppLibraryView.swift */; };
		1A1234561234567800000013 /* SettingsView.swift in Sources */ = {isa = PBXBuildFile; fileRef = 1A1234561234567800000014 /* SettingsView.swift */; };
		1A1234561234567800000015 /* AppModel.swift in Sources */ = {isa = PBXBuildFile; fileRef = 1A1234561234567800000016 /* AppModel.swift */; };
		1A1234561234567800000017 /* UserModel.swift in Sources */ = {isa = PBXBuildFile; fileRef = 1A1234561234567800000018 /* UserModel.swift */; };
		1A1234561234567800000019 /* VirtualEnvironmentViewModel.swift in Sources */ = {isa = PBXBuildFile; fileRef = 1A1234561234567800000020 /* VirtualEnvironmentViewModel.swift */; };
		1A1234561234567800000021 /* AppLibraryViewModel.swift in Sources */ = {isa = PBXBuildFile; fileRef = 1A1234561234567800000022 /* AppLibraryViewModel.swift */; };
		1A1234561234567800000023 /* SettingsViewModel.swift in Sources */ = {isa = PBXBuildFile; fileRef = 1A1234561234567800000024 /* SettingsViewModel.swift */; };
		1A1234561234567800000025 /* AuthenticationService.swift in Sources */ = {isa = PBXBuildFile; fileRef = 1A1234561234567800000026 /* AuthenticationService.swift */; };
		1A1234561234567800000027 /* VirtualMachineService.swift in Sources */ = {isa = PBXBuildFile; fileRef = 1A1234561234567800000028 /* VirtualMachineService.swift */; };
		1A1234561234567800000029 /* AppCatalogService.swift in Sources */ = {isa = PBXBuildFile; fileRef = 1A1234561234567800000030 /* AppCatalogService.swift */; };
/* End PBXBuildFile section */

/* Begin PBXFileReference section */
		1A1234561234567800000031 /* ShaydZ-AVMo.app */ = {isa = PBXFileReference; explicitFileType = wrapper.application; includeInIndex = 0; path = "ShaydZ-AVMo.app"; sourceTree = BUILT_PRODUCTS_DIR; };
		1A1234561234567800000002 /* ShaydZAVMoApp.swift */ = {isa = PBXFileReference; lastKnownFileType = sourcecode.swift; path = ShaydZAVMoApp.swift; sourceTree = "<group>"; };
		1A1234561234567800000004 /* ContentView.swift */ = {isa = PBXFileReference; lastKnownFileType = sourcecode.swift; path = ContentView.swift; sourceTree = "<group>"; };
		1A1234561234567800000006 /* LoginView.swift */ = {isa = PBXFileReference; lastKnownFileType = sourcecode.swift; path = LoginView.swift; sourceTree = "<group>"; };
		1A1234561234567800000008 /* HomeView.swift */ = {isa = PBXFileReference; lastKnownFileType = sourcecode.swift; path = HomeView.swift; sourceTree = "<group>"; };
		1A1234561234567800000010 /* VirtualEnvironmentView.swift */ = {isa = PBXFileReference; lastKnownFileType = sourcecode.swift; path = VirtualEnvironmentView.swift; sourceTree = "<group>"; };
		1A1234561234567800000012 /* AppLibraryView.swift */ = {isa = PBXFileReference; lastKnownFileType = sourcecode.swift; path = AppLibraryView.swift; sourceTree = "<group>"; };
		1A1234561234567800000014 /* SettingsView.swift */ = {isa = PBXFileReference; lastKnownFileType = sourcecode.swift; path = SettingsView.swift; sourceTree = "<group>"; };
		1A1234561234567800000016 /* AppModel.swift */ = {isa = PBXFileReference; lastKnownFileType = sourcecode.swift; path = AppModel.swift; sourceTree = "<group>"; };
		1A1234561234567800000018 /* UserModel.swift */ = {isa = PBXFileReference; lastKnownFileType = sourcecode.swift; path = UserModel.swift; sourceTree = "<group>"; };
		1A1234561234567800000020 /* VirtualEnvironmentViewModel.swift */ = {isa = PBXFileReference; lastKnownFileType = sourcecode.swift; path = VirtualEnvironmentViewModel.swift; sourceTree = "<group>"; };
		1A1234561234567800000022 /* AppLibraryViewModel.swift */ = {isa = PBXFileReference; lastKnownFileType = sourcecode.swift; path = AppLibraryViewModel.swift; sourceTree = "<group>"; };
		1A1234561234567800000024 /* SettingsViewModel.swift */ = {isa = PBXFileReference; lastKnownFileType = sourcecode.swift; path = SettingsViewModel.swift; sourceTree = "<group>"; };
		1A1234561234567800000026 /* AuthenticationService.swift */ = {isa = PBXFileReference; lastKnownFileType = sourcecode.swift; path = AuthenticationService.swift; sourceTree = "<group>"; };
		1A1234561234567800000028 /* VirtualMachineService.swift */ = {isa = PBXFileReference; lastKnownFileType = sourcecode.swift; path = VirtualMachineService.swift; sourceTree = "<group>"; };
		1A1234561234567800000030 /* AppCatalogService.swift */ = {isa = PBXFileReference; lastKnownFileType = sourcecode.swift; path = AppCatalogService.swift; sourceTree = "<group>"; };
		1A1234561234567800000032 /* Info.plist */ = {isa = PBXFileReference; lastKnownFileType = text.plist.xml; path = Info.plist; sourceTree = "<group>"; };
/* End PBXFileReference section */

/* Begin PBXFrameworksBuildPhase section */
		1A1234561234567800000033 /* Frameworks */ = {
			isa = PBXFrameworksBuildPhase;
			buildActionMask = 2147483647;
			files = (
			);
			runOnlyForDeploymentPostprocessing = 0;
		};
/* End PBXFrameworksBuildPhase section */

/* Begin PBXGroup section */
		1A1234561234567800000034 /* ShaydZ-AVMo */ = {
			isa = PBXGroup;
			children = (
				1A1234561234567800000002 /* ShaydZAVMoApp.swift */,
				1A1234561234567800000004 /* ContentView.swift */,
				1A1234561234567800000035 /* Views */,
				1A1234561234567800000036 /* Models */,
				1A1234561234567800000037 /* ViewModels */,
				1A1234561234567800000038 /* Services */,
				1A1234561234567800000039 /* Resources */,
				1A1234561234567800000032 /* Info.plist */,
			);
			path = "ShaydZ-AVMo";
			sourceTree = "<group>";
		};
		1A1234561234567800000040 /* Products */ = {
			isa = PBXGroup;
			children = (
				1A1234561234567800000031 /* ShaydZ-AVMo.app */,
			);
			name = Products;
			sourceTree = "<group>";
		};
		1A1234561234567800000041 = {
			isa = PBXGroup;
			children = (
				1A1234561234567800000034 /* ShaydZ-AVMo */,
				1A1234561234567800000040 /* Products */,
			);
			sourceTree = "<group>";
		};
		1A1234561234567800000035 /* Views */ = {
			isa = PBXGroup;
			children = (
				1A1234561234567800000006 /* LoginView.swift */,
				1A1234561234567800000008 /* HomeView.swift */,
				1A1234561234567800000010 /* VirtualEnvironmentView.swift */,
				1A1234561234567800000012 /* AppLibraryView.swift */,
				1A1234561234567800000014 /* SettingsView.swift */,
			);
			path = Views;
			sourceTree = "<group>";
		};
		1A1234561234567800000036 /* Models */ = {
			isa = PBXGroup;
			children = (
				1A1234561234567800000016 /* AppModel.swift */,
				1A1234561234567800000018 /* UserModel.swift */,
			);
			path = Models;
			sourceTree = "<group>";
		};
		1A1234561234567800000037 /* ViewModels */ = {
			isa = PBXGroup;
			children = (
				1A1234561234567800000020 /* VirtualEnvironmentViewModel.swift */,
				1A1234561234567800000022 /* AppLibraryViewModel.swift */,
				1A1234561234567800000024 /* SettingsViewModel.swift */,
			);
			path = ViewModels;
			sourceTree = "<group>";
		};
		1A1234561234567800000038 /* Services */ = {
			isa = PBXGroup;
			children = (
				1A1234561234567800000026 /* AuthenticationService.swift */,
				1A1234561234567800000028 /* VirtualMachineService.swift */,
				1A1234561234567800000030 /* AppCatalogService.swift */,
			);
			path = Services;
			sourceTree = "<group>";
		};
		1A1234561234567800000039 /* Resources */ = {
			isa = PBXGroup;
			children = (
			);
			path = Resources;
			sourceTree = "<group>";
		};
/* End PBXGroup section */

/* Begin PBXNativeTarget section */
		1A1234561234567800000042 /* ShaydZ-AVMo */ = {
			isa = PBXNativeTarget;
			buildConfigurationList = 1A1234561234567800000043 /* Build configuration list for PBXNativeTarget "ShaydZ-AVMo" */;
			buildPhases = (
				1A1234561234567800000044 /* Sources */,
				1A1234561234567800000033 /* Frameworks */,
				1A1234561234567800000045 /* Resources */,
			);
			buildRules = (
			);
			dependencies = (
			);
			name = "ShaydZ-AVMo";
			productName = "ShaydZ-AVMo";
			productReference = 1A1234561234567800000031 /* ShaydZ-AVMo.app */;
			productType = "com.apple.product-type.application";
		};
/* End PBXNativeTarget section */

/* Begin PBXProject section */
		1A1234561234567800000046 /* Project object */ = {
			isa = PBXProject;
			attributes = {
				BuildIndependentTargetsInParallel = 1;
				LastSwiftUpdateCheck = 1430;
				LastUpgradeCheck = 1430;
				TargetAttributes = {
					1A1234561234567800000042 = {
						CreatedOnToolsVersion = 14.3;
					};
				};
			};
			buildConfigurationList = 1A1234561234567800000047 /* Build configuration list for PBXProject "ShaydZ-AVMo" */;
			compatibilityVersion = "Xcode 14.0";
			developmentRegion = en;
			hasScannedForEncodings = 0;
			knownRegions = (
				en,
				Base,
			);
			mainGroup = 1A1234561234567800000041;
			productRefGroup = 1A1234561234567800000040 /* Products */;
			projectDirPath = "";
			projectRoot = "";
			targets = (
				1A1234561234567800000042 /* ShaydZ-AVMo */,
			);
		};
/* End PBXProject section */

/* Begin PBXResourcesBuildPhase section */
		1A1234561234567800000045 /* Resources */ = {
			isa = PBXResourcesBuildPhase;
			buildActionMask = 2147483647;
			files = (
			);
			runOnlyForDeploymentPostprocessing = 0;
		};
/* End PBXResourcesBuildPhase section */

/* Begin PBXSourcesBuildPhase section */
		1A1234561234567800000044 /* Sources */ = {
			isa = PBXSourcesBuildPhase;
			buildActionMask = 2147483647;
			files = (
				1A1234561234567800000003 /* ContentView.swift in Sources */,
				1A1234561234567800000001 /* ShaydZAVMoApp.swift in Sources */,
				1A1234561234567800000005 /* LoginView.swift in Sources */,
				1A1234561234567800000007 /* HomeView.swift in Sources */,
				1A1234561234567800000009 /* VirtualEnvironmentView.swift in Sources */,
				1A1234561234567800000011 /* AppLibraryView.swift in Sources */,
				1A1234561234567800000013 /* SettingsView.swift in Sources */,
				1A1234561234567800000015 /* AppModel.swift in Sources */,
				1A1234561234567800000017 /* UserModel.swift in Sources */,
				1A1234561234567800000019 /* VirtualEnvironmentViewModel.swift in Sources */,
				1A1234561234567800000021 /* AppLibraryViewModel.swift in Sources */,
				1A1234561234567800000023 /* SettingsViewModel.swift in Sources */,
				1A1234561234567800000025 /* AuthenticationService.swift in Sources */,
				1A1234561234567800000027 /* VirtualMachineService.swift in Sources */,
				1A1234561234567800000029 /* AppCatalogService.swift in Sources */,
			);
			runOnlyForDeploymentPostprocessing = 0;
		};
/* End PBXSourcesBuildPhase section */

/* Begin XCBuildConfiguration section */
		1A1234561234567800000048 /* Debug */ = {
			isa = XCBuildConfiguration;
			buildSettings = {
				ALWAYS_SEARCH_USER_PATHS = NO;
				CLANG_ANALYZER_NONNULL = YES;
				CLANG_ANALYZER_NUMBER_OBJECT_CONVERSION = YES_AGGRESSIVE;
				CLANG_CXX_LANGUAGE_STANDARD = "gnu++20";
				CLANG_ENABLE_MODULES = YES;
				CLANG_ENABLE_OBJC_ARC = YES;
				CLANG_ENABLE_OBJC_WEAK = YES;
				CLANG_WARN_BLOCK_CAPTURE_AUTORELEASING = YES;
				CLANG_WARN_BOOL_CONVERSION = YES;
				CLANG_WARN_COMMA = YES;
				CLANG_WARN_CONSTANT_CONVERSION = YES;
				CLANG_WARN_DEPRECATED_OBJC_IMPLEMENTATIONS = YES;
				CLANG_WARN_DIRECT_OBJC_ISA_USAGE = YES_ERROR;
				CLANG_WARN_DOCUMENTATION_COMMENTS = YES;
				CLANG_WARN_EMPTY_BODY = YES;
				CLANG_WARN_ENUM_CONVERSION = YES;
				CLANG_WARN_INFINITE_RECURSION = YES;
				CLANG_WARN_INT_CONVERSION = YES;
				CLANG_WARN_NON_LITERAL_NULL_CONVERSION = YES;
				CLANG_WARN_OBJC_IMPLICIT_RETAIN_SELF = YES;
				CLANG_WARN_OBJC_LITERAL_CONVERSION = YES;
				CLANG_WARN_OBJC_ROOT_CLASS = YES_ERROR;
				CLANG_WARN_QUOTED_INCLUDE_IN_FRAMEWORK_HEADER = YES;
				CLANG_WARN_RANGE_LOOP_ANALYSIS = YES;
				CLANG_WARN_STRICT_PROTOTYPES = YES;
				CLANG_WARN_SUSPICIOUS_MOVE = YES;
				CLANG_WARN_UNGUARDED_AVAILABILITY = YES_AGGRESSIVE;
				CLANG_WARN_UNREACHABLE_CODE = YES;
				CLANG_WARN__DUPLICATE_METHOD_MATCH = YES;
				COPY_PHASE_STRIP = NO;
				DEBUG_INFORMATION_FORMAT = dwarf;
				ENABLE_STRICT_OBJC_MSGSEND = YES;
				ENABLE_TESTABILITY = YES;
				GCC_C_LANGUAGE_STANDARD = gnu11;
				GCC_DYNAMIC_NO_PIC = NO;
				GCC_NO_COMMON_BLOCKS = YES;
				GCC_OPTIMIZATION_LEVEL = 0;
				GCC_PREPROCESSOR_DEFINITIONS = (
					"DEBUG=1",
					"$(inherited)",
				);
				GCC_WARN_64_TO_32_BIT_CONVERSION = YES;
				GCC_WARN_ABOUT_RETURN_TYPE = YES_ERROR;
				GCC_WARN_UNDECLARED_SELECTOR = YES;
				GCC_WARN_UNINITIALIZED_AUTOS = YES_AGGRESSIVE;
				GCC_WARN_UNUSED_FUNCTION = YES;
				GCC_WARN_UNUSED_VARIABLE = YES;
				IPHONEOS_DEPLOYMENT_TARGET = 15.0;
				MTL_ENABLE_DEBUG_INFO = INCLUDE_SOURCE;
				MTL_FAST_MATH = YES;
				ONLY_ACTIVE_ARCH = YES;
				SDKROOT = iphoneos;
				SWIFT_ACTIVE_COMPILATION_CONDITIONS = DEBUG;
				SWIFT_OPTIMIZATION_LEVEL = "-Onone";
			};
			name = Debug;
		};
		1A1234561234567800000049 /* Release */ = {
			isa = XCBuildConfiguration;
			buildSettings = {
				ALWAYS_SEARCH_USER_PATHS = NO;
				CLANG_ANALYZER_NONNULL = YES;
				CLANG_ANALYZER_NUMBER_OBJECT_CONVERSION = YES_AGGRESSIVE;
				CLANG_CXX_LANGUAGE_STANDARD = "gnu++20";
				CLANG_ENABLE_MODULES = YES;
				CLANG_ENABLE_OBJC_ARC = YES;
				CLANG_ENABLE_OBJC_WEAK = YES;
				CLANG_WARN_BLOCK_CAPTURE_AUTORELEASING = YES;
				CLANG_WARN_BOOL_CONVERSION = YES;
				CLANG_WARN_COMMA = YES;
				CLANG_WARN_CONSTANT_CONVERSION = YES;
				CLANG_WARN_DEPRECATED_OBJC_IMPLEMENTATIONS = YES;
				CLANG_WARN_DIRECT_OBJC_ISA_USAGE = YES_ERROR;
				CLANG_WARN_DOCUMENTATION_COMMENTS = YES;
				CLANG_WARN_EMPTY_BODY = YES;
				CLANG_WARN_ENUM_CONVERSION = YES;
				CLANG_WARN_INFINITE_RECURSION = YES;
				CLANG_WARN_INT_CONVERSION = YES;
				CLANG_WARN_NON_LITERAL_NULL_CONVERSION = YES;
				CLANG_WARN_OBJC_IMPLICIT_RETAIN_SELF = YES;
				CLANG_WARN_OBJC_LITERAL_CONVERSION = YES;
				CLANG_WARN_OBJC_ROOT_CLASS = YES_ERROR;
				CLANG_WARN_QUOTED_INCLUDE_IN_FRAMEWORK_HEADER = YES;
				CLANG_WARN_RANGE_LOOP_ANALYSIS = YES;
				CLANG_WARN_STRICT_PROTOTYPES = YES;
				CLANG_WARN_SUSPICIOUS_MOVE = YES;
				CLANG_WARN_UNGUARDED_AVAILABILITY = YES_AGGRESSIVE;
				CLANG_WARN_UNREACHABLE_CODE = YES;
				CLANG_WARN__DUPLICATE_METHOD_MATCH = YES;
				COPY_PHASE_STRIP = NO;
				DEBUG_INFORMATION_FORMAT = "dwarf-with-dsym";
				ENABLE_NS_ASSERTIONS = NO;
				ENABLE_STRICT_OBJC_MSGSEND = YES;
				GCC_C_LANGUAGE_STANDARD = gnu11;
				GCC_NO_COMMON_BLOCKS = YES;
				GCC_WARN_64_TO_32_BIT_CONVERSION = YES;
				GCC_WARN_ABOUT_RETURN_TYPE = YES_ERROR;
				GCC_WARN_UNDECLARED_SELECTOR = YES;
				GCC_WARN_UNINITIALIZED_AUTOS = YES_AGGRESSIVE;
				GCC_WARN_UNUSED_FUNCTION = YES;
				GCC_WARN_UNUSED_VARIABLE = YES;
				IPHONEOS_DEPLOYMENT_TARGET = 15.0;
				MTL_ENABLE_DEBUG_INFO = NO;
				MTL_FAST_MATH = YES;
				SDKROOT = iphoneos;
				SWIFT_COMPILATION_MODE = wholemodule;
				SWIFT_OPTIMIZATION_LEVEL = "-O";
				VALIDATE_PRODUCT = YES;
			};
			name = Release;
		};
		1A1234561234567800000050 /* Debug */ = {
			isa = XCBuildConfiguration;
			buildSettings = {
				ASSETCATALOG_COMPILER_APPICON_NAME = AppIcon;
				ASSETCATALOG_COMPILER_GLOBAL_ACCENT_COLOR_NAME = AccentColor;
				CODE_SIGN_STYLE = Automatic;
				CURRENT_PROJECT_VERSION = 1;
				DEVELOPMENT_TEAM = "";
				GENERATE_INFOPLIST_FILE = YES;
				INFOPLIST_FILE = "ShaydZ-AVMo/Info.plist";
				INFOPLIST_KEY_UIApplicationSceneManifest_Generation = YES;
				INFOPLIST_KEY_UIApplicationSupportsIndirectInputEvents = YES;
				INFOPLIST_KEY_UILaunchScreen_Generation = YES;
				INFOPLIST_KEY_UISupportedInterfaceOrientations_iPad = "UIInterfaceOrientationPortrait UIInterfaceOrientationPortraitUpsideDown UIInterfaceOrientationLandscapeLeft UIInterfaceOrientationLandscapeRight";
				INFOPLIST_KEY_UISupportedInterfaceOrientations_iPhone = "UIInterfaceOrientationPortrait UIInterfaceOrientationLandscapeLeft UIInterfaceOrientationLandscapeRight";
				LD_RUNPATH_SEARCH_PATHS = (
					"$(inherited)",
					"@executable_path/Frameworks",
				);
				MARKETING_VERSION = 1.0;
				PRODUCT_BUNDLE_IDENTIFIER = "com.shaydz.ShaydZ-AVMo";
				PRODUCT_NAME = "$(TARGET_NAME)";
				SWIFT_EMIT_LOC_STRINGS = YES;
				SWIFT_VERSION = 5.0;
				TARGETED_DEVICE_FAMILY = "1,2";
			};
			name = Debug;
		};
		1A1234561234567800000051 /* Release */ = {
			isa = XCBuildConfiguration;
			buildSettings = {
				ASSETCATALOG_COMPILER_APPICON_NAME = AppIcon;
				ASSETCATALOG_COMPILER_GLOBAL_ACCENT_COLOR_NAME = AccentColor;
				CODE_SIGN_STYLE = Automatic;
				CURRENT_PROJECT_VERSION = 1;
				DEVELOPMENT_TEAM = "";
				GENERATE_INFOPLIST_FILE = YES;
				INFOPLIST_FILE = "ShaydZ-AVMo/Info.plist";
				INFOPLIST_KEY_UIApplicationSceneManifest_Generation = YES;
				INFOPLIST_KEY_UIApplicationSupportsIndirectInputEvents = YES;
				INFOPLIST_KEY_UILaunchScreen_Generation = YES;
				INFOPLIST_KEY_UISupportedInterfaceOrientations_iPad = "UIInterfaceOrientationPortrait UIInterfaceOrientationPortraitUpsideDown UIInterfaceOrientationLandscapeLeft UIInterfaceOrientationLandscapeRight";
				INFOPLIST_KEY_UISupportedInterfaceOrientations_iPhone = "UIInterfaceOrientationPortrait UIInterfaceOrientationLandscapeLeft UIInterfaceOrientationLandscapeRight";
				LD_RUNPATH_SEARCH_PATHS = (
					"$(inherited)",
					"@executable_path/Frameworks",
				);
				MARKETING_VERSION = 1.0;
				PRODUCT_BUNDLE_IDENTIFIER = "com.shaydz.ShaydZ-AVMo";
				PRODUCT_NAME = "$(TARGET_NAME)";
				SWIFT_EMIT_LOC_STRINGS = YES;
				SWIFT_VERSION = 5.0;
				TARGETED_DEVICE_FAMILY = "1,2";
			};
			name = Release;
		};
/* End XCBuildConfiguration section */

/* Begin XCConfigurationList section */
		1A1234561234567800000043 /* Build configuration list for PBXNativeTarget "ShaydZ-AVMo" */ = {
			isa = XCConfigurationList;
			buildConfigurations = (
				1A1234561234567800000050 /* Debug */,
				1A1234561234567800000051 /* Release */,
			);
			defaultConfigurationIsVisible = 0;
			defaultConfigurationName = Release;
		};
		1A1234561234567800000047 /* Build configuration list for PBXProject "ShaydZ-AVMo" */ = {
			isa = XCConfigurationList;
			buildConfigurations = (
				1A1234561234567800000048 /* Debug */,
				1A1234561234567800000049 /* Release */,
			);
			defaultConfigurationIsVisible = 0;
			defaultConfigurationName = Release;
		};
/* End XCConfigurationList section */
	};
	rootObject = 1A1234561234567800000046 /* Project object */;
}
